
Microsoft Visual Studio Solution File, Format Version 12.00
# Visual Studio Version 16
VisualStudioVersion = 16.0.30114.105
MinimumVisualStudioVersion = 10.0.40219.1
Project("{FAE04EC0-301F-11D3-BF4B-00C04F79EFBC}") = "BuilderPattern", "BuilderPattern\BuilderPattern.csproj", "{E4C66C86-7CE6-4945-BBCC-4DD98439972E}"
EndProject
Project("{FAE04EC0-301F-11D3-BF4B-00C04F79EFBC}") = "FactoryMethodPattern", "FactoryMethodPattern\FactoryMethodPattern.csproj", "{915931A9-ABED-4466-86C3-4FDEC15C3E6F}"
EndProject
Project("{FAE04EC0-301F-11D3-BF4B-00C04F79EFBC}") = "SingletonPattern", "SingletonPattern\SingletonPattern.csproj", "{A2072534-6027-4912-AE36-ACB38173C7CE}"
EndProject
Project("{FAE04EC0-301F-11D3-BF4B-00C04F79EFBC}") = "PrototypePattern", "PrototypePattern\PrototypePattern.csproj", "{3FFF2514-7858-44B7-B190-C182E1ABE1F5}"
EndProject
Project("{FAE04EC0-301F-11D3-BF4B-00C04F79EFBC}") = "AbstractFactoryPattern", "AbstractFactoryPattern\AbstractFactoryPattern.csproj", "{5CB8C2D8-4288-4557-9256-52548C27E235}"
EndProject
Global
	GlobalSection(SolutionConfigurationPlatforms) = preSolution
		Debug|Any CPU = Debug|Any CPU
		Release|Any CPU = Release|Any CPU
	EndGlobalSection
	GlobalSection(SolutionProperties) = preSolution
		HideSolutionNode = FALSE
	EndGlobalSection
	GlobalSection(ProjectConfigurationPlatforms) = postSolution
		{E4C66C86-7CE6-4945-BBCC-4DD98439972E}.Debug|Any CPU.ActiveCfg = Debug|Any CPU
		{E4C66C86-7CE6-4945-BBCC-4DD98439972E}.Debug|Any CPU.Build.0 = Debug|Any CPU
		{E4C66C86-7CE6-4945-BBCC-4DD98439972E}.Release|Any CPU.ActiveCfg = Release|Any CPU
		{E4C66C86-7CE6-4945-BBCC-4DD98439972E}.Release|Any CPU.Build.0 = Release|Any CPU
		{915931A9-ABED-4466-86C3-4FDEC15C3E6F}.Debug|Any CPU.ActiveCfg = Debug|Any CPU
		{915931A9-ABED-4466-86C3-4FDEC15C3E6F}.Debug|Any CPU.Build.0 = Debug|Any CPU
		{915931A9-ABED-4466-86C3-4FDEC15C3E6F}.Release|Any CPU.ActiveCfg = Release|Any CPU
		{915931A9-ABED-4466-86C3-4FDEC15C3E6F}.Release|Any CPU.Build.0 = Release|Any CPU
		{A2072534-6027-4912-AE36-ACB38173C7CE}.Debug|Any CPU.ActiveCfg = Debug|Any CPU
		{A2072534-6027-4912-AE36-ACB38173C7CE}.Debug|Any CPU.Build.0 = Debug|Any CPU
		{A2072534-6027-4912-AE36-ACB38173C7CE}.Release|Any CPU.ActiveCfg = Release|Any CPU
		{A2072534-6027-4912-AE36-ACB38173C7CE}.Release|Any CPU.Build.0 = Release|Any CPU
		{3FFF2514-7858-44B7-B190-C182E1ABE1F5}.Debug|Any CPU.ActiveCfg = Debug|Any CPU
		{3FFF2514-7858-44B7-B190-C182E1ABE1F5}.Debug|Any CPU.Build.0 = Debug|Any CPU
		{3FFF2514-7858-44B7-B190-C182E1ABE1F5}.Release|Any CPU.ActiveCfg = Release|Any CPU
		{3FFF2514-7858-44B7-B190-C182E1ABE1F5}.Release|Any CPU.Build.0 = Release|Any CPU
		{5CB8C2D8-4288-4557-9256-52548C27E235}.Debug|Any CPU.ActiveCfg = Debug|Any CPU
		{5CB8C2D8-4288-4557-9256-52548C27E235}.Debug|Any CPU.Build.0 = Debug|Any CPU
		{5CB8C2D8-4288-4557-9256-52548C27E235}.Release|Any CPU.ActiveCfg = Release|Any CPU
		{5CB8C2D8-4288-4557-9256-52548C27E235}.Release|Any CPU.Build.0 = Release|Any CPU
	EndGlobalSection
EndGlobal
